
Microsoft Visual Studio Solution File, Format Version 12.00
# Visual Studio 14
VisualStudioVersion = 14.0.25123.0
MinimumVisualStudioVersion = 10.0.40219.1
Project("{FAE04EC0-301F-11D3-BF4B-00C04F79EFBC}") = "CsvMapper", "CsvMapper\CsvMapper.csproj", "{7FC28527-6F66-4031-844E-81F895F8601D}"
EndProject
Project("{FAE04EC0-301F-11D3-BF4B-00C04F79EFBC}") = "CsvMapper.Tests", "CsvMapper.Tests\CsvMapper.Tests.csproj", "{8B86839A-5D7C-4600-883F-C5759388C234}"
EndProject
Project("{2150E333-8FDC-42A3-9474-1A3956D46DE8}") = "Solution Items", "Solution Items", "{12BD757D-CFA2-4A57-A713-5D30DB01A747}"
	ProjectSection(SolutionItems) = preProject
		NugetPackage\CsvMapper.1.0.0.nupkg = NugetPackage\CsvMapper.1.0.0.nupkg
	EndProjectSection
EndProject
Global
	GlobalSection(SolutionConfigurationPlatforms) = preSolution
		Debug|Any CPU = Debug|Any CPU
		Release|Any CPU = Release|Any CPU
	EndGlobalSection
	GlobalSection(ProjectConfigurationPlatforms) = postSolution
		{7FC28527-6F66-4031-844E-81F895F8601D}.Debug|Any CPU.ActiveCfg = Debug|Any CPU
		{7FC28527-6F66-4031-844E-81F895F8601D}.Debug|Any CPU.Build.0 = Debug|Any CPU
		{7FC28527-6F66-4031-844E-81F895F8601D}.Release|Any CPU.ActiveCfg = Release|Any CPU
		{7FC28527-6F66-4031-844E-81F895F8601D}.Release|Any CPU.Build.0 = Release|Any CPU
		{8B86839A-5D7C-4600-883F-C5759388C234}.Debug|Any CPU.ActiveCfg = Debug|Any CPU
		{8B86839A-5D7C-4600-883F-C5759388C234}.Debug|Any CPU.Build.0 = Debug|Any CPU
		{8B86839A-5D7C-4600-883F-C5759388C234}.Release|Any CPU.ActiveCfg = Release|Any CPU
		{8B86839A-5D7C-4600-883F-C5759388C234}.Release|Any CPU.Build.0 = Release|Any CPU
	EndGlobalSection
	GlobalSection(SolutionProperties) = preSolution
		HideSolutionNode = FALSE
	EndGlobalSection
EndGlobal
